# This file is autogenerated, do not edit; changes may be undone by the next 'dep ensure'.


[[projects]]
  digest = "1:8b11ec18781d35a9213615b3c12097c3cab9ca067f81a11e919b0d734b33532a"
  name = "github.com/kkdai/youtube"
  packages = ["."]
  pruneopts = "UT"
  revision = "2fd478beb240152811be770bbdfb99406b040bea"
  version = "v1.0.0"

[solve-meta]
  analyzer-name = "dep"
  analyzer-version = 1
  input-imports = ["github.com/kkdai/youtube"]
  solver-name = "gps-cdcl"
  solver-version = 1
